<?xml version="1.0" encoding="utf-8"?>
<Project ToolsVersion="16.0" xmlns="http://schemas.microsoft.com/developer/msbuild/2003">
  <ItemGroup>
    <ClCompile Include="E:\Code Projects\Homomorphic-Encryption-on-Logistic-Regression\src\main.cpp">
      <Filter>Source Files</Filter>
    </ClCompile>
  </ItemGroup>
  <ItemGroup>
    <CustomBuild Include="E:\Code Projects\Homomorphic-Encryption-on-Logistic-Regression\CMakeLists.txt" />
  </ItemGroup>
  <ItemGroup>
    <Filter Include="Source Files">
      <UniqueIdentifier>{A42421C2-F173-39C9-881C-ECBC3C4A8CFA}</UniqueIdentifier>
    </Filter>
  </ItemGroup>
</Project>
